{
  "requires": true,
  "lockfileVersion": 1,
  "dependencies": {
    "@peculiar/asn1-schema": {
      "version": "2.0.27",
      "resolved": "https://registry.npmjs.org/@peculiar/asn1-schema/-/asn1-schema-2.0.27.tgz",
      "integrity": "sha512-1tIx7iL3Ma3HtnNS93nB7nhyI0soUJypElj9owd4tpMrRDmeJ8eZubsdq1sb0KSaCs5RqZNoABCP6m5WtnlVhQ==",
      "optional": true,
      "requires": {
        "@types/asn1js": "^2.0.0",
        "asn1js": "^2.0.26",
        "pvtsutils": "^1.1.1",
        "tslib": "^2.0.3"
      }
    },
    "@peculiar/json-schema": {
      "version": "1.1.12",
      "resolved": "https://registry.npmjs.org/@peculiar/json-schema/-/json-schema-1.1.12.tgz",
      "integrity": "sha512-coUfuoMeIB7B8/NMekxaDzLhaYmp0HZNPEjYRm9goRou8UZIC3z21s0sL9AWoCw4EG876QyO3kYrc61WNF9B/w==",
      "optional": true,
      "requires": {
        "tslib": "^2.0.0"
      }
    },
    "@peculiar/webcrypto": {
      "version": "1.1.6",
      "resolved": "https://registry.npmjs.org/@peculiar/webcrypto/-/webcrypto-1.1.6.tgz",
      "integrity": "sha512-xcTjouis4Y117mcsJslWAGypwhxtXslkVdRp7e3tHwtuw0/xCp1te8RuMMv/ia5TsvxomcyX/T+qTbRZGLLvyA==",
      "optional": true,
      "requires": {
        "@peculiar/asn1-schema": "^2.0.27",
        "@peculiar/json-schema": "^1.1.12",
        "pvtsutils": "^1.1.2",
        "tslib": "^2.1.0",
        "webcrypto-core": "^1.2.0"
      }
    },
    "@types/asn1js": {
      "version": "2.0.0",
      "resolved": "https://registry.npmjs.org/@types/asn1js/-/asn1js-2.0.0.tgz",
      "integrity": "sha512-Jjzp5EqU0hNpADctc/UqhiFbY1y2MqIxBVa2S4dBlbnZHTLPMuggoL5q43X63LpsOIINRDirBjP56DUUKIUWIA==",
      "optional": true
    },
    "addressparser": {
      "version": "0.3.2",
      "resolved": "https://registry.npmjs.org/addressparser/-/addressparser-0.3.2.tgz",
      "integrity": "sha1-WYc/Nej89sc2HBAjkmHXbhU0i7I=",
      "optional": true
    },
    "asn1js": {
      "version": "2.1.1",
      "resolved": "https://registry.npmjs.org/asn1js/-/asn1js-2.1.1.tgz",
      "integrity": "sha512-t9u0dU0rJN4ML+uxgN6VM2Z4H5jWIYm0w8LsZLzMJaQsgL3IJNbxHgmbWDvJAwspyHpDFuzUaUFh4c05UB4+6g==",
      "optional": true,
      "requires": {
        "pvutils": "^1.0.17"
      }
    },
    "base64-js": {
      "version": "1.5.1",
      "resolved": "https://registry.npmjs.org/base64-js/-/base64-js-1.5.1.tgz",
      "integrity": "sha512-AKpaYlHn8t4SVbOHCy+b5+KKgvR4vrsD8vbvrbiQJps7fKDTkjkDry6ji0rUJjC0kzbNePLwzxq8iypo41qeWA==",
      "optional": true
    },
    "buffer": {
      "version": "5.7.1",
      "resolved": "https://registry.npmjs.org/buffer/-/buffer-5.7.1.tgz",
      "integrity": "sha512-EHcyIPBQ4BSGlvjB16k5KgAJ27CIsHY/2JBmCRReo48y9rQ3MaUzWX3KVlBa4U7MyX02HdVj0K7C3WaB3ju7FQ==",
      "optional": true,
      "requires": {
        "base64-js": "^1.3.1",
        "ieee754": "^1.1.13"
      }
    },
    "emailjs": {
      "version": "2.2.0",
      "resolved": "https://registry.npmjs.org/emailjs/-/emailjs-2.2.0.tgz",
      "integrity": "sha1-ulsj5KSwpFEPZS6HOxVOlAe2ygM=",
      "optional": true,
      "requires": {
        "addressparser": "^0.3.2",
        "emailjs-mime-codec": "^2.0.7"
      }
    },
    "emailjs-base64": {
      "version": "1.1.4",
      "resolved": "https://registry.npmjs.org/emailjs-base64/-/emailjs-base64-1.1.4.tgz",
      "integrity": "sha512-4h0xp1jgVTnIQBHxSJWXWanNnmuc5o+k4aHEpcLXSToN8asjB5qbXAexs7+PEsUKcEyBteNYsSvXUndYT2CGGA==",
      "optional": true
    },
    "emailjs-mime-codec": {
      "version": "2.0.9",
      "resolved": "https://registry.npmjs.org/emailjs-mime-codec/-/emailjs-mime-codec-2.0.9.tgz",
      "integrity": "sha512-7qJo4pFGcKlWh/kCeNjmcgj34YoJWY0ekZXEHYtluWg4MVBnXqGM4CRMtZQkfYwitOhUgaKN5EQktJddi/YIDQ==",
      "optional": true,
      "requires": {
        "emailjs-base64": "^1.1.4",
        "ramda": "^0.26.1",
        "text-encoding": "^0.7.0"
      }
    },
    "gun": {
      "version": "0.2020.520",
      "resolved": "https://registry.npmjs.org/gun/-/gun-0.2020.520.tgz",
      "integrity": "sha512-hMDmj4QQnejweZEy4njbyNlll+GO7H8XIq/SdQ23kFV29B6HqA0+bQmhLCxWKLwQvfRXx9SgSXG/ImGrER/CqQ==",
      "requires": {
        "@peculiar/webcrypto": "^1.1.1",
        "buffer": "^5.4.3",
        "emailjs": "^2.2.0",
        "text-encoding": "^0.7.0",
        "ws": "^7.2.1"
      }
    },
    "ieee754": {
      "version": "1.2.1",
      "resolved": "https://registry.npmjs.org/ieee754/-/ieee754-1.2.1.tgz",
      "integrity": "sha512-dcyqhDvX1C46lXZcVqCpK+FtMRQVdIMN6/Df5js2zouUsqG7I6sFxitIC+7KYK29KdXOLHdu9zL4sFnoVQnqaA==",
      "optional": true
    },
    "pvtsutils": {
      "version": "1.1.2",
      "resolved": "https://registry.npmjs.org/pvtsutils/-/pvtsutils-1.1.2.tgz",
      "integrity": "sha512-Yfm9Dsk1zfEpOWCaJaHfqtNXAFWNNHMFSCLN6jTnhuCCBCC2nqge4sAgo7UrkRBoAAYIL8TN/6LlLoNfZD/b5A==",
      "optional": true,
      "requires": {
        "tslib": "^2.1.0"
      }
    },
    "pvutils": {
      "version": "1.0.17",
      "resolved": "https://registry.npmjs.org/pvutils/-/pvutils-1.0.17.tgz",
      "integrity": "sha512-wLHYUQxWaXVQvKnwIDWFVKDJku9XDCvyhhxoq8dc5MFdIlRenyPI9eSfEtcvgHgD7FlvCyGAlWgOzRnZD99GZQ==",
      "optional": true
    },
    "ramda": {
      "version": "0.26.1",
      "resolved": "https://registry.npmjs.org/ramda/-/ramda-0.26.1.tgz",
      "integrity": "sha512-hLWjpy7EnsDBb0p+Z3B7rPi3GDeRG5ZtiI33kJhTt+ORCd38AbAIjB/9zRIUoeTbE/AVX5ZkU7m6bznsvrf8eQ==",
      "optional": true
    },
    "text-encoding": {
      "version": "0.7.0",
      "resolved": "https://registry.npmjs.org/text-encoding/-/text-encoding-0.7.0.tgz",
      "integrity": "sha512-oJQ3f1hrOnbRLOcwKz0Liq2IcrvDeZRHXhd9RgLrsT+DjWY/nty1Hi7v3dtkaEYbPYe0mUoOfzRrMwfXXwgPUA==",
      "optional": true
    },
    "tslib": {
      "version": "2.2.0",
      "resolved": "https://registry.npmjs.org/tslib/-/tslib-2.2.0.tgz",
      "integrity": "sha512-gS9GVHRU+RGn5KQM2rllAlR3dU6m7AcpJKdtH8gFvQiC4Otgk98XnmMU+nZenHt/+VhnBPWwgrJsyrdcw6i23w==",
      "optional": true
    },
    "webcrypto-core": {
      "version": "1.2.0",
      "resolved": "https://registry.npmjs.org/webcrypto-core/-/webcrypto-core-1.2.0.tgz",
      "integrity": "sha512-p76Z/YLuE4CHCRdc49FB/ETaM4bzM3roqWNJeGs+QNY1fOTzKTOVnhmudW1fuO+5EZg6/4LG9NJ6gaAyxTk9XQ==",
      "optional": true,
      "requires": {
        "@peculiar/asn1-schema": "^2.0.27",
        "@peculiar/json-schema": "^1.1.12",
        "asn1js": "^2.0.26",
        "pvtsutils": "^1.1.2",
        "tslib": "^2.1.0"
      }
    },
    "ws": {
      "version": "7.4.5",
      "resolved": "https://registry.npmjs.org/ws/-/ws-7.4.5.tgz",
      "integrity": "sha512-xzyu3hFvomRfXKH8vOFMU3OguG6oOvhXMo3xsGy3xWExqaM2dxBbVxuD99O7m3ZUFMvvscsZDqxfgMaRr/Nr1g=="
    }
  }
}
